
Microsoft Visual Studio Solution File, Format Version 12.00
# Visual Studio Version 17
VisualStudioVersion = 17.14.35906.104 d17.14
MinimumVisualStudioVersion = 10.0.40219.1
Project("{FAE04EC0-301F-11D3-BF4B-00C04F79EFBC}") = "Task 1", "Task 1\Task 1.csproj", "{874F7717-0791-4621-B954-A6F3D85FCDF6}"
EndProject
Project("{FAE04EC0-301F-11D3-BF4B-00C04F79EFBC}") = "Task 2", "Task 2\Task 2.csproj", "{5AAA216D-CF25-45D8-997C-5B3F79396212}"
EndProject
Global
	GlobalSection(SolutionConfigurationPlatforms) = preSolution
		Debug|Any CPU = Debug|Any CPU
		Release|Any CPU = Release|Any CPU
	EndGlobalSection
	GlobalSection(ProjectConfigurationPlatforms) = postSolution
		{874F7717-0791-4621-B954-A6F3D85FCDF6}.Debug|Any CPU.ActiveCfg = Debug|Any CPU
		{874F7717-0791-4621-B954-A6F3D85FCDF6}.Debug|Any CPU.Build.0 = Debug|Any CPU
		{874F7717-0791-4621-B954-A6F3D85FCDF6}.Release|Any CPU.ActiveCfg = Release|Any CPU
		{874F7717-0791-4621-B954-A6F3D85FCDF6}.Release|Any CPU.Build.0 = Release|Any CPU
		{5AAA216D-CF25-45D8-997C-5B3F79396212}.Debug|Any CPU.ActiveCfg = Debug|Any CPU
		{5AAA216D-CF25-45D8-997C-5B3F79396212}.Debug|Any CPU.Build.0 = Debug|Any CPU
		{5AAA216D-CF25-45D8-997C-5B3F79396212}.Release|Any CPU.ActiveCfg = Release|Any CPU
		{5AAA216D-CF25-45D8-997C-5B3F79396212}.Release|Any CPU.Build.0 = Release|Any CPU
	EndGlobalSection
	GlobalSection(SolutionProperties) = preSolution
		HideSolutionNode = FALSE
	EndGlobalSection
	GlobalSection(ExtensibilityGlobals) = postSolution
		SolutionGuid = {71E0FAF5-B12A-4E9D-8AED-F456E92DD80C}
	EndGlobalSection
EndGlobal
